
Microsoft Visual Studio Solution File, Format Version 12.00
# Visual Studio Version 17
VisualStudioVersion = 17.13.35913.81 d17.13
MinimumVisualStudioVersion = 10.0.40219.1
Project("{FAE04EC0-301F-11D3-BF4B-00C04F79EFBC}") = "MyEpicBTCCalc", "MyEpicBTCCalc.csproj", "{EFDD853D-763C-4048-AF93-9F13C90E84C6}"
EndProject
Global
	GlobalSection(SolutionConfigurationPlatforms) = preSolution
		Debug|Any CPU = Debug|Any CPU
		Release|Any CPU = Release|Any CPU
	EndGlobalSection
	GlobalSection(ProjectConfigurationPlatforms) = postSolution
		{EFDD853D-763C-4048-AF93-9F13C90E84C6}.Debug|Any CPU.ActiveCfg = Debug|Any CPU
		{EFDD853D-763C-4048-AF93-9F13C90E84C6}.Debug|Any CPU.Build.0 = Debug|Any CPU
		{EFDD853D-763C-4048-AF93-9F13C90E84C6}.Release|Any CPU.ActiveCfg = Release|Any CPU
		{EFDD853D-763C-4048-AF93-9F13C90E84C6}.Release|Any CPU.Build.0 = Release|Any CPU
	EndGlobalSection
	GlobalSection(SolutionProperties) = preSolution
		HideSolutionNode = FALSE
	EndGlobalSection
	GlobalSection(ExtensibilityGlobals) = postSolution
		SolutionGuid = {D512D67E-7FEC-4108-A51F-6C3196F6C469}
	EndGlobalSection
EndGlobal
